<?xml version="1.0" encoding="utf-8"?>
<Project ToolsVersion="4.0" xmlns="http://schemas.microsoft.com/developer/msbuild/2003">
  <ItemGroup>
    <Filter Include="Archivos de origen">
      <UniqueIdentifier>{4FC737F1-C7A5-4376-A066-2A32D752A2FF}</UniqueIdentifier>
      <Extensions>cpp;c;cc;cxx;c++;cppm;ixx;def;odl;idl;hpj;bat;asm;asmx</Extensions>
    </Filter>
    <Filter Include="Archivos de encabezado">
      <UniqueIdentifier>{93995380-89BD-4b04-88EB-625FBE52EBFB}</UniqueIdentifier>
      <Extensions>h;hh;hpp;hxx;h++;hm;inl;inc;ipp;xsd</Extensions>
    </Filter>
    <Filter Include="Archivos de recursos">
      <UniqueIdentifier>{67DA6AB6-F800-4c08-8B7A-83BB121AAD01}</UniqueIdentifier>
      <Extensions>rc;ico;cur;bmp;dlg;rc2;rct;bin;rgs;gif;jpg;jpeg;jpe;resx;tiff;tif;png;wav;mfcribbon-ms</Extensions>
    </Filter>
    <Filter Include="res">
      <UniqueIdentifier>{c56e9b70-cd20-4829-87ba-ce08007a1eed}</UniqueIdentifier>
    </Filter>
    <Filter Include="res\Shaders">
      <UniqueIdentifier>{a08730fe-af8c-40f6-98cf-0541f05a000c}</UniqueIdentifier>
    </Filter>
    <Filter Include="Archivos de encabezado\BaseGame">
      <UniqueIdentifier>{1a99fd21-6584-49f9-9c39-dc702108f796}</UniqueIdentifier>
    </Filter>
    <Filter Include="Archivos de encabezado\Visual">
      <UniqueIdentifier>{40f1a717-f67d-4466-ae77-1e4a79a764e1}</UniqueIdentifier>
    </Filter>
    <Filter Include="Archivos de encabezado\Interact">
      <UniqueIdentifier>{94d89381-684a-4d3f-8645-3f51a4178b01}</UniqueIdentifier>
    </Filter>
    <Filter Include="Archivos de encabezado\Entity">
      <UniqueIdentifier>{2e3857a5-36ab-437c-a31a-259372ed09df}</UniqueIdentifier>
    </Filter>
    <Filter Include="Archivos de encabezado\Managers">
      <UniqueIdentifier>{dbfd77a1-ef73-4af3-94de-2598792589e5}</UniqueIdentifier>
    </Filter>
    <Filter Include="Archivos de origen\BaseGame">
      <UniqueIdentifier>{d4a64ad7-1f80-4592-84ba-e789aa2bc7c9}</UniqueIdentifier>
    </Filter>
    <Filter Include="Archivos de origen\Interact">
      <UniqueIdentifier>{b916ba7a-02e2-4a30-ad1a-6a24058e810c}</UniqueIdentifier>
    </Filter>
    <Filter Include="Archivos de origen\Entity">
      <UniqueIdentifier>{959cda60-a245-456b-96a7-2ce4f1ee5b45}</UniqueIdentifier>
    </Filter>
    <Filter Include="Archivos de origen\Visual">
      <UniqueIdentifier>{e6673aaf-1948-4d16-abb3-43696bd1eeaa}</UniqueIdentifier>
    </Filter>
    <Filter Include="Archivos de origen\Managers">
      <UniqueIdentifier>{baeb5fc2-7fdd-400a-9e7a-8177b854e3f8}</UniqueIdentifier>
    </Filter>
  </ItemGroup>
  <ItemGroup>
    <ClCompile Include="src\Juli\Jinterfaces.cpp">
      <Filter>Archivos de origen</Filter>
    </ClCompile>
    <ClCompile Include="src\Juli\Jinterface.cpp">
      <Filter>Archivos de origen</Filter>
    </ClCompile>
    <ClCompile Include="src\BaseGame\BaseGame.cpp">
      <Filter>Archivos de origen\BaseGame</Filter>
    </ClCompile>
    <ClCompile Include="src\Input\Input.cpp">
      <Filter>Archivos de origen\Interact</Filter>
    </ClCompile>
    <ClCompile Include="src\Entity\Entity.cpp">
      <Filter>Archivos de origen\Entity</Filter>
    </ClCompile>
    <ClCompile Include="src\Entity2D\Entity2D.cpp">
      <Filter>Archivos de origen\Entity</Filter>
    </ClCompile>
    <ClCompile Include="src\Animation\Animation.cpp">
      <Filter>Archivos de origen\Visual</Filter>
    </ClCompile>
    <ClCompile Include="src\Camera\Camera.cpp">
      <Filter>Archivos de origen\Managers</Filter>
    </ClCompile>
    <ClCompile Include="src\Collision\Collision.cpp">
      <Filter>Archivos de origen\Managers</Filter>
    </ClCompile>
    <ClCompile Include="src\Renderer\Renderer.cpp">
      <Filter>Archivos de origen\Visual</Filter>
    </ClCompile>
    <ClCompile Include="src\Shape\Shape.cpp">
      <Filter>Archivos de origen\Entity</Filter>
    </ClCompile>
    <ClCompile Include="src\Sprite\Sprite.cpp">
      <Filter>Archivos de origen\Entity</Filter>
    </ClCompile>
    <ClCompile Include="src\Texture\Texture.cpp">
      <Filter>Archivos de origen\Visual</Filter>
    </ClCompile>
    <ClCompile Include="src\TextureImporter\TextureImporter.cpp">
      <Filter>Archivos de origen\Visual</Filter>
    </ClCompile>
    <ClCompile Include="src\TextureImporter\stb_image.cpp">
      <Filter>Archivos de origen\Visual</Filter>
    </ClCompile>
    <ClCompile Include="src\Tile\TileMap.cpp">
      <Filter>Archivos de origen\Entity</Filter>
    </ClCompile>
    <ClCompile Include="src\Tile\Tile.cpp">
      <Filter>Archivos de origen\Entity</Filter>
    </ClCompile>
    <ClCompile Include="src\Time\Time.cpp">
      <Filter>Archivos de origen\Managers</Filter>
    </ClCompile>
    <ClCompile Include="src\Window\Window.cpp">
      <Filter>Archivos de origen\Visual</Filter>
    </ClCompile>
    <ClCompile Include="src\Tile\tinyxml2.cpp">
      <Filter>Archivos de origen\Managers</Filter>
    </ClCompile>
  </ItemGroup>
  <ItemGroup>
    <ClInclude Include="src\Juli\Utilitis.h">
      <Filter>Archivos de encabezado</Filter>
    </ClInclude>
    <ClInclude Include="src\Juli\Jinterface.h">
      <Filter>Archivos de encabezado</Filter>
    </ClInclude>
    <ClInclude Include="src\BaseGame\BaseGame.h">
      <Filter>Archivos de encabezado\BaseGame</Filter>
    </ClInclude>
    <ClInclude Include="src\Animation\Animation.h">
      <Filter>Archivos de encabezado\Visual</Filter>
    </ClInclude>
    <ClInclude Include="src\Atlas\Atlas.h">
      <Filter>Archivos de encabezado\Visual</Filter>
    </ClInclude>
    <ClInclude Include="src\Entity\Entity.h">
      <Filter>Archivos de encabezado\Entity</Filter>
    </ClInclude>
    <ClInclude Include="src\Entity2D\Entity2D.h">
      <Filter>Archivos de encabezado\Entity</Filter>
    </ClInclude>
    <ClInclude Include="src\Sprite\Sprite.h">
      <Filter>Archivos de encabezado\Entity</Filter>
    </ClInclude>
    <ClInclude Include="src\Shape\Shape.h">
      <Filter>Archivos de encabezado\Entity</Filter>
    </ClInclude>
    <ClInclude Include="src\Input\Input.h">
      <Filter>Archivos de encabezado\Interact</Filter>
    </ClInclude>
    <ClInclude Include="src\Exports\Exports.h">
      <Filter>Archivos de encabezado\Managers</Filter>
    </ClInclude>
    <ClInclude Include="src\Camera\Camera.h">
      <Filter>Archivos de encabezado\Managers</Filter>
    </ClInclude>
    <ClInclude Include="src\Collision\Collision.h">
      <Filter>Archivos de encabezado\Managers</Filter>
    </ClInclude>
    <ClInclude Include="src\Renderer\Renderer.h">
      <Filter>Archivos de encabezado\Visual</Filter>
    </ClInclude>
    <ClInclude Include="src\Texture\Texture.h">
      <Filter>Archivos de encabezado\Visual</Filter>
    </ClInclude>
    <ClInclude Include="src\Tile\Tile.h">
      <Filter>Archivos de encabezado\Entity</Filter>
    </ClInclude>
    <ClInclude Include="src\Tile\TileMap.h">
      <Filter>Archivos de encabezado\Entity</Filter>
    </ClInclude>
    <ClInclude Include="src\TextureImporter\TextureImporter.h">
      <Filter>Archivos de encabezado\Visual</Filter>
    </ClInclude>
    <ClInclude Include="src\TextureImporter\stb_image.h">
      <Filter>Archivos de encabezado\Visual</Filter>
    </ClInclude>
    <ClInclude Include="src\Tile\tinyxml2.h">
      <Filter>Archivos de encabezado\Managers</Filter>
    </ClInclude>
    <ClInclude Include="src\Time\Time.h">
      <Filter>Archivos de encabezado\Managers</Filter>
    </ClInclude>
    <ClInclude Include="src\Window\Window.h">
      <Filter>Archivos de encabezado\Visual</Filter>
    </ClInclude>
  </ItemGroup>
  <ItemGroup>
    <None Include="Shaders\TextureFragmentShader.shader">
      <Filter>res\Shaders</Filter>
    </None>
    <None Include="Shaders\TextureVertexShader.shader">
      <Filter>res\Shaders</Filter>
    </None>
    <None Include="Shaders\SolidFragmentShader.shader">
      <Filter>res\Shaders</Filter>
    </None>
    <None Include="Shaders\SolidVertexShader.shader">
      <Filter>res\Shaders</Filter>
    </None>
  </ItemGroup>
</Project>